// !$*UTF8*$!
{
	archiveVersion = 1;
	classes = {
	};
	objectVersion = 46;
	objects = {

/* Begin PBXBuildFile section */
		185CFBD71B4E97360047C5B1 /* main.m in Sources */ = {isa = PBXBuildFile; fileRef = 185CFBD61B4E97360047C5B1 /* main.m */; };
		185CFBDA1B4E97360047C5B1 /* AppDelegate.m in Sources */ = {isa = PBXBuildFile; fileRef = 185CFBD91B4E97360047C5B1 /* AppDelegate.m */; };
		185CFBDD1B4E97360047C5B1 /* ViewController.m in Sources */ = {isa = PBXBuildFile; fileRef = 185CFBDC1B4E97360047C5B1 /* ViewController.m */; };
		185CFBE01B4E97360047C5B1 /* Main.storyboard in Resources */ = {isa = PBXBuildFile; fileRef = 185CFBDE1B4E97360047C5B1 /* Main.storyboard */; };
		185CFBE21B4E97360047C5B1 /* Images.xcassets in Resources */ = {isa = PBXBuildFile; fileRef = 185CFBE11B4E97360047C5B1 /* Images.xcassets */; };
		185CFBE51B4E97360047C5B1 /* LaunchScreen.xib in Resources */ = {isa = PBXBuildFile; fileRef = 185CFBE31B4E97360047C5B1 /* LaunchScreen.xib */; };
		185CFBF11B4E97360047C5B1 /* testImageTurnTests.m in Sources */ = {isa = PBXBuildFile; fileRef = 185CFBF01B4E97360047C5B1 /* testImageTurnTests.m */; };
/* End PBXBuildFile section */

/* Begin PBXContainerItemProxy section */
		185CFBEB1B4E97360047C5B1 /* PBXContainerItemProxy */ = {
			isa = PBXContainerItemProxy;
			containerPortal = 185CFBC91B4E97360047C5B1 /* Project object */;
			proxyType = 1;
			remoteGlobalIDString = 185CFBD01B4E97360047C5B1;
			remoteInfo = testImageTurn;
		};
/* End PBXContainerItemProxy section */

/* Begin PBXFileReference section */
		185CFBD11B4E97360047C5B1 /* testImageTurn.app */ = {isa = PBXFileReference; explicitFileType = wrapper.application; includeInIndex = 0; path = testImageTurn.app; sourceTree = BUILT_PRODUCTS_DIR; };
		185CFBD51B4E97360047C5B1 /* Info.plist */ = {isa = PBXFileReference; lastKnownFileType = text.plist.xml; path = Info.plist; sourceTree = "<group>"; };
		185CFBD61B4E97360047C5B1 /* main.m */ = {isa = PBXFileReference; lastKnownFileType = sourcecode.c.objc; path = main.m; sourceTree = "<group>"; };
		185CFBD81B4E97360047C5B1 /* AppDelegate.h */ = {isa = PBXFileReference; lastKnownFileType = sourcecode.c.h; path = AppDelegate.h; sourceTree = "<group>"; };
		185CFBD91B4E97360047C5B1 /* AppDelegate.m */ = {isa = PBXFileReference; lastKnownFileType = sourcecode.c.objc; path = AppDelegate.m; sourceTree = "<group>"; };
		185CFBDB1B4E97360047C5B1 /* ViewController.h */ = {isa = PBXFileReference; lastKnownFileType = sourcecode.c.h; path = ViewController.h; sourceTree = "<group>"; };
		185CFBDC1B4E97360047C5B1 /* ViewController.m */ = {isa = PBXFileReference; lastKnownFileType = sourcecode.c.objc; path = ViewController.m; sourceTree = "<group>"; };
		185CFBDF1B4E97360047C5B1 /* Base */ = {isa = PBXFileReference; lastKnownFileType = file.storyboard; name = Base; path = Base.lproj/Main.storyboard; sourceTree = "<group>"; };
		185CFBE11B4E97360047C5B1 /* Images.xcassets */ = {isa = PBXFileReference; lastKnownFileType = folder.assetcatalog; path = Images.xcassets; sourceTree = "<group>"; };
		185CFBE41B4E97360047C5B1 /* Base */ = {isa = PBXFileReference; lastKnownFileType = file.xib; name = Base; path = Base.lproj/LaunchScreen.xib; sourceTree = "<group>"; };
		185CFBEA1B4E97360047C5B1 /* testImageTurnTests.xctest */ = {isa = PBXFileReference; explicitFileType = wrapper.cfbundle; includeInIndex = 0; path = testImageTurnTests.xctest; sourceTree = BUILT_PRODUCTS_DIR; };
		185CFBEF1B4E97360047C5B1 /* Info.plist */ = {isa = PBXFileReference; lastKnownFileType = text.plist.xml; path = Info.plist; sourceTree = "<group>"; };
		185CFBF01B4E97360047C5B1 /* testImageTurnTests.m */ = {isa = PBXFileReference; lastKnownFileType = sourcecode.c.objc; path = testImageTurnTests.m; sourceTree = "<group>"; };
/* End PBXFileReference section */

/* Begin PBXFrameworksBuildPhase section */
		185CFBCE1B4E97360047C5B1 /* Frameworks */ = {
			isa = PBXFrameworksBuildPhase;
			buildActionMask = 2147483647;
			files = (
			);
			runOnlyForDeploymentPostprocessing = 0;
		};
		185CFBE71B4E97360047C5B1 /* Frameworks */ = {
			isa = PBXFrameworksBuildPhase;
			buildActionMask = 2147483647;
			files = (
			);
			runOnlyForDeploymentPostprocessing = 0;
		};
/* End PBXFrameworksBuildPhase section */

/* Begin PBXGroup section */
		185CFBC81B4E97360047C5B1 = {
			isa = PBXGroup;
			children = (
				185CFBD31B4E97360047C5B1 /* testImageTurn */,
				185CFBED1B4E97360047C5B1 /* testImageTurnTests */,
				185CFBD21B4E97360047C5B1 /* Products */,
			);
			sourceTree = "<group>";
		};
		185CFBD21B4E97360047C5B1 /* Products */ = {
			isa = PBXGroup;
			children = (
				185CFBD11B4E97360047C5B1 /* testImageTurn.app */,
				185CFBEA1B4E97360047C5B1 /* testImageTurnTests.xctest */,
			);
			name = Products;
			sourceTree = "<group>";
		};
		185CFBD31B4E97360047C5B1 /* testImageTurn */ = {
			isa = PBXGroup;
			children = (
				185CFBD81B4E97360047C5B1 /* AppDelegate.h */,
				185CFBD91B4E97360047C5B1 /* AppDelegate.m */,
				185CFBDB1B4E97360047C5B1 /* ViewController.h */,
				185CFBDC1B4E97360047C5B1 /* ViewController.m */,
				185CFBDE1B4E97360047C5B1 /* Main.storyboard */,
				185CFBE11B4E97360047C5B1 /* Images.xcassets */,
				185CFBE31B4E97360047C5B1 /* LaunchScreen.xib */,
				185CFBD41B4E97360047C5B1 /* Supporting Files */,
			);
			path = testImageTurn;
			sourceTree = "<group>";
		};
		185CFBD41B4E97360047C5B1 /* Supporting Files */ = {
			isa = PBXGroup;
			children = (
				185CFBD51B4E97360047C5B1 /* Info.plist */,
				185CFBD61B4E97360047C5B1 /* main.m */,
			);
			name = "Supporting Files";
			sourceTree = "<group>";
		};
		185CFBED1B4E97360047C5B1 /* testImageTurnTests */ = {
			isa = PBXGroup;
			children = (
				185CFBF01B4E97360047C5B1 /* testImageTurnTests.m */,
				185CFBEE1B4E97360047C5B1 /* Supporting Files */,
			);
			path = testImageTurnTests;
			sourceTree = "<group>";
		};
		185CFBEE1B4E97360047C5B1 /* Supporting Files */ = {
			isa = PBXGroup;
			children = (
				185CFBEF1B4E97360047C5B1 /* Info.plist */,
			);
			name = "Supporting Files";
			sourceTree = "<group>";
		};
/* End PBXGroup section */

/* Begin PBXNativeTarget section */
		185CFBD01B4E97360047C5B1 /* testImageTurn */ = {
			isa = PBXNativeTarget;
			buildConfigurationList = 185CFBF41B4E97360047C5B1 /* Build configuration list for PBXNativeTarget "testImageTurn" */;
			buildPhases = (
				185CFBCD1B4E97360047C5B1 /* Sources */,
				185CFBCE1B4E97360047C5B1 /* Frameworks */,
				185CFBCF1B4E97360047C5B1 /* Resources */,
			);
			buildRules = (
			);
			dependencies = (
			);
			name = testImageTurn;
			productName = testImageTurn;
			productReference = 185CFBD11B4E97360047C5B1 /* testImageTurn.app */;
			productType = "com.apple.product-type.application";
		};
		185CFBE91B4E97360047C5B1 /* testImageTurnTests */ = {
			isa = PBXNativeTarget;
			buildConfigurationList = 185CFBF71B4E97360047C5B1 /* Build configuration list for PBXNativeTarget "testImageTurnTests" */;
			buildPhases = (
				185CFBE61B4E97360047C5B1 /* Sources */,
				185CFBE71B4E97360047C5B1 /* Frameworks */,
				185CFBE81B4E97360047C5B1 /* Resources */,
			);
			buildRules = (
			);
			dependencies = (
				185CFBEC1B4E97360047C5B1 /* PBXTargetDependency */,
			);
			name = testImageTurnTests;
			productName = testImageTurnTests;
			productReference = 185CFBEA1B4E97360047C5B1 /* testImageTurnTests.xctest */;
			productType = "com.apple.product-type.bundle.unit-test";
		};
/* End PBXNativeTarget section */

/* Begin PBXProject section */
		185CFBC91B4E97360047C5B1 /* Project object */ = {
			isa = PBXProject;
			attributes = {
				LastUpgradeCheck = 0640;
				ORGANIZATIONNAME = apple;
				TargetAttributes = {
					185CFBD01B4E97360047C5B1 = {
						CreatedOnToolsVersion = 6.4;
					};
					185CFBE91B4E97360047C5B1 = {
						CreatedOnToolsVersion = 6.4;
						TestTargetID = 185CFBD01B4E97360047C5B1;
					};
				};
			};
			buildConfigurationList = 185CFBCC1B4E97360047C5B1 /* Build configuration list for PBXProject "testImageTurn" */;
			compatibilityVersion = "Xcode 3.2";
			developmentRegion = English;
			hasScannedForEncodings = 0;
			knownRegions = (
				en,
				Base,
			);
			mainGroup = 185CFBC81B4E97360047C5B1;
			productRefGroup = 185CFBD21B4E97360047C5B1 /* Products */;
			projectDirPath = "";
			projectRoot = "";
			targets = (
				185CFBD01B4E97360047C5B1 /* testImageTurn */,
				185CFBE91B4E97360047C5B1 /* testImageTurnTests */,
			);
		};
/* End PBXProject section */

/* Begin PBXResourcesBuildPhase section */
		185CFBCF1B4E97360047C5B1 /* Resources */ = {
			isa = PBXResourcesBuildPhase;
			buildActionMask = 2147483647;
			files = (
				185CFBE01B4E97360047C5B1 /* Main.storyboard in Resources */,
				185CFBE51B4E97360047C5B1 /* LaunchScreen.xib in Resources */,
				185CFBE21B4E97360047C5B1 /* Images.xcassets in Resources */,
			);
			runOnlyForDeploymentPostprocessing = 0;
		};
		185CFBE81B4E97360047C5B1 /* Resources */ = {
			isa = PBXResourcesBuildPhase;
			buildActionMask = 2147483647;
			files = (
			);
			runOnlyForDeploymentPostprocessing = 0;
		};
/* End PBXResourcesBuildPhase section */

/* Begin PBXSourcesBuildPhase section */
		185CFBCD1B4E97360047C5B1 /* Sources */ = {
			isa = PBXSourcesBuildPhase;
			buildActionMask = 2147483647;
			files = (
				185CFBDD1B4E97360047C5B1 /* ViewController.m in Sources */,
				185CFBDA1B4E97360047C5B1 /* AppDelegate.m in Sources */,
				185CFBD71B4E97360047C5B1 /* main.m in Sources */,
			);
			runOnlyForDeploymentPostprocessing = 0;
		};
		185CFBE61B4E97360047C5B1 /* Sources */ = {
			isa = PBXSourcesBuildPhase;
			buildActionMask = 2147483647;
			files = (
				185CFBF11B4E97360047C5B1 /* testImageTurnTests.m in Sources */,
			);
			runOnlyForDeploymentPostprocessing = 0;
		};
/* End PBXSourcesBuildPhase section */

/* Begin PBXTargetDependency section */
		185CFBEC1B4E97360047C5B1 /* PBXTargetDependency */ = {
			isa = PBXTargetDependency;
			target = 185CFBD01B4E97360047C5B1 /* testImageTurn */;
			targetProxy = 185CFBEB1B4E97360047C5B1 /* PBXContainerItemProxy */;
		};
/* End PBXTargetDependency section */

/* Begin PBXVariantGroup section */
		185CFBDE1B4E97360047C5B1 /* Main.storyboard */ = {
			isa = PBXVariantGroup;
			children = (
				185CFBDF1B4E97360047C5B1 /* Base */,
			);
			name = Main.storyboard;
			sourceTree = "<group>";
		};
		185CFBE31B4E97360047C5B1 /* LaunchScreen.xib */ = {
			isa = PBXVariantGroup;
			children = (
				185CFBE41B4E97360047C5B1 /* Base */,
			);
			name = LaunchScreen.xib;
			sourceTree = "<group>";
		};
/* End PBXVariantGroup section */

/* Begin XCBuildConfiguration section */
		185CFBF21B4E97360047C5B1 /* Debug */ = {
			isa = XCBuildConfiguration;
			buildSettings = {
				ALWAYS_SEARCH_USER_PATHS = NO;
				CLANG_CXX_LANGUAGE_STANDARD = "gnu++0x";
				CLANG_CXX_LIBRARY = "libc++";
				CLANG_ENABLE_MODULES = YES;
				CLANG_ENABLE_OBJC_ARC = YES;
				CLANG_WARN_BOOL_CONVERSION = YES;
				CLANG_WARN_CONSTANT_CONVERSION = YES;
				CLANG_WARN_DIRECT_OBJC_ISA_USAGE = YES_ERROR;
				CLANG_WARN_EMPTY_BODY = YES;
				CLANG_WARN_ENUM_CONVERSION = YES;
				CLANG_WARN_INT_CONVERSION = YES;
				CLANG_WARN_OBJC_ROOT_CLASS = YES_ERROR;
				CLANG_WARN_UNREACHABLE_CODE = YES;
				CLANG_WARN__DUPLICATE_METHOD_MATCH = YES;
				"CODE_SIGN_IDENTITY[sdk=iphoneos*]" = "iPhone Developer";
				COPY_PHASE_STRIP = NO;
				DEBUG_INFORMATION_FORMAT = "dwarf-with-dsym";
				ENABLE_STRICT_OBJC_MSGSEND = YES;
				GCC_C_LANGUAGE_STANDARD = gnu99;
				GCC_DYNAMIC_NO_PIC = NO;
				GCC_NO_COMMON_BLOCKS = YES;
				GCC_OPTIMIZATION_LEVEL = 0;
				GCC_PREPROCESSOR_DEFINITIONS = (
					"DEBUG=1",
					"$(inherited)",
				);
				GCC_SYMBOLS_PRIVATE_EXTERN = NO;
				GCC_WARN_64_TO_32_BIT_CONVERSION = YES;
				GCC_WARN_ABOUT_RETURN_TYPE = YES_ERROR;
				GCC_WARN_UNDECLARED_SELECTOR = YES;
				GCC_WARN_UNINITIALIZED_AUTOS = YES_AGGRESSIVE;
				GCC_WARN_UNUSED_FUNCTION = YES;
				GCC_WARN_UNUSED_VARIABLE = YES;
				IPHONEOS_DEPLOYMENT_TARGET = 8.4;
				MTL_ENABLE_DEBUG_INFO = YES;
				ONLY_ACTIVE_ARCH = YES;
				SDKROOT = iphoneos;
			};
			name = Debug;
		};
		185CFBF31B4E97360047C5B1 /* Release */ = {
			isa = XCBuildConfiguration;
			buildSettings = {
				ALWAYS_SEARCH_USER_PATHS = NO;
				CLANG_CXX_LANGUAGE_STANDARD = "gnu++0x";
				CLANG_CXX_LIBRARY = "libc++";
				CLANG_ENABLE_MODULES = YES;
				CLANG_ENABLE_OBJC_ARC = YES;
				CLANG_WARN_BOOL_CONVERSION = YES;
				CLANG_WARN_CONSTANT_CONVERSION = YES;
				CLANG_WARN_DIRECT_OBJC_ISA_USAGE = YES_ERROR;
				CLANG_WARN_EMPTY_BODY = YES;
				CLANG_WARN_ENUM_CONVERSION = YES;
				CLANG_WARN_INT_CONVERSION = YES;
				CLANG_WARN_OBJC_ROOT_CLASS = YES_ERROR;
				CLANG_WARN_UNREACHABLE_CODE = YES;
				CLANG_WARN__DUPLICATE_METHOD_MATCH = YES;
				"CODE_SIGN_IDENTITY[sdk=iphoneos*]" = "iPhone Developer";
				COPY_PHASE_STRIP = NO;
				DEBUG_INFORMATION_FORMAT = "dwarf-with-dsym";
				ENABLE_NS_ASSERTIONS = NO;
				ENABLE_STRICT_OBJC_MSGSEND = YES;
				GCC_C_LANGUAGE_STANDARD = gnu99;
				GCC_NO_COMMON_BLOCKS = YES;
				GCC_WARN_64_TO_32_BIT_CONVERSION = YES;
				GCC_WARN_ABOUT_RETURN_TYPE = YES_ERROR;
				GCC_WARN_UNDECLARED_SELECTOR = YES;
				GCC_WARN_UNINITIALIZED_AUTOS = YES_AGGRESSIVE;
				GCC_WARN_UNUSED_FUNCTION = YES;
				GCC_WARN_UNUSED_VARIABLE = YES;
				IPHONEOS_DEPLOYMENT_TARGET = 8.4;
				MTL_ENABLE_DEBUG_INFO = NO;
				SDKROOT = iphoneos;
				VALIDATE_PRODUCT = YES;
			};
			name = Release;
		};
		185CFBF51B4E97360047C5B1 /* Debug */ = {
			isa = XCBuildConfiguration;
			buildSettings = {
				ASSETCATALOG_COMPILER_APPICON_NAME = AppIcon;
				INFOPLIST_FILE = testImageTurn/Info.plist;
				LD_RUNPATH_SEARCH_PATHS = "$(inherited) @executable_path/Frameworks";
				PRODUCT_NAME = "$(TARGET_NAME)";
			};
			name = Debug;
		};
		185CFBF61B4E97360047C5B1 /* Release */ = {
			isa = XCBuildConfiguration;
			buildSettings = {
				ASSETCATALOG_COMPILER_APPICON_NAME = AppIcon;
				INFOPLIST_FILE = testImageTurn/Info.plist;
				LD_RUNPATH_SEARCH_PATHS = "$(inherited) @executable_path/Frameworks";
				PRODUCT_NAME = "$(TARGET_NAME)";
			};
			name = Release;
		};
		185CFBF81B4E97360047C5B1 /* Debug */ = {
			isa = XCBuildConfiguration;
			buildSettings = {
				BUNDLE_LOADER = "$(TEST_HOST)";
				FRAMEWORK_SEARCH_PATHS = (
					"$(SDKROOT)/Developer/Library/Frameworks",
					"$(inherited)",
				);
				GCC_PREPROCESSOR_DEFINITIONS = (
					"DEBUG=1",
					"$(inherited)",
				);
				INFOPLIST_FILE = testImageTurnTests/Info.plist;
				LD_RUNPATH_SEARCH_PATHS = "$(inherited) @executable_path/Frameworks @loader_path/Frameworks";
				PRODUCT_NAME = "$(TARGET_NAME)";
				TEST_HOST = "$(BUILT_PRODUCTS_DIR)/testImageTurn.app/testImageTurn";
			};
			name = Debug;
		};
		185CFBF91B4E97360047C5B1 /* Release */ = {
			isa = XCBuildConfiguration;
			buildSettings = {
				BUNDLE_LOADER = "$(TEST_HOST)";
				FRAMEWORK_SEARCH_PATHS = (
					"$(SDKROOT)/Developer/Library/Frameworks",
					"$(inherited)",
				);
				INFOPLIST_FILE = testImageTurnTests/Info.plist;
				LD_RUNPATH_SEARCH_PATHS = "$(inherited) @executable_path/Frameworks @loader_path/Frameworks";
				PRODUCT_NAME = "$(TARGET_NAME)";
				TEST_HOST = "$(BUILT_PRODUCTS_DIR)/testImageTurn.app/testImageTurn";
			};
			name = Release;
		};
/* End XCBuildConfiguration section */

/* Begin XCConfigurationList section */
		185CFBCC1B4E97360047C5B1 /* Build configuration list for PBXProject "testImageTurn" */ = {
			isa = XCConfigurationList;
			buildConfigurations = (
				185CFBF21B4E97360047C5B1 /* Debug */,
				185CFBF31B4E97360047C5B1 /* Release */,
			);
			defaultConfigurationIsVisible = 0;
			defaultConfigurationName = Release;
		};
		185CFBF41B4E97360047C5B1 /* Build configuration list for PBXNativeTarget "testImageTurn" */ = {
			isa = XCConfigurationList;
			buildConfigurations = (
				185CFBF51B4E97360047C5B1 /* Debug */,
				185CFBF61B4E97360047C5B1 /* Release */,
			);
			defaultConfigurationIsVisible = 0;
		};
		185CFBF71B4E97360047C5B1 /* Build configuration list for PBXNativeTarget "testImageTurnTests" */ = {
			isa = XCConfigurationList;
			buildConfigurations = (
				185CFBF81B4E97360047C5B1 /* Debug */,
				185CFBF91B4E97360047C5B1 /* Release */,
			);
			defaultConfigurationIsVisible = 0;
		};
/* End XCConfigurationList section */
	};
	rootObject = 185CFBC91B4E97360047C5B1 /* Project object */;
}
